
Microsoft Visual Studio Solution File, Format Version 12.00
# Visual Studio 15
VisualStudioVersion = 15.0.26430.15
MinimumVisualStudioVersion = 10.0.40219.1
Project("{FAE04EC0-301F-11D3-BF4B-00C04F79EFBC}") = "VismaProd", "VismaProd\VismaProd.csproj", "{B69E3D3D-52ED-4F6B-BF33-3784714CDC0D}"
EndProject
Project("{FAE04EC0-301F-11D3-BF4B-00C04F79EFBC}") = "VismaProd.Tests", "VismaProd.Tests\VismaProd.Tests.csproj", "{2E183A96-BE32-4237-A553-47D57FC18354}"
EndProject
Global
	GlobalSection(SolutionConfigurationPlatforms) = preSolution
		Debug|Any CPU = Debug|Any CPU
		Release|Any CPU = Release|Any CPU
	EndGlobalSection
	GlobalSection(ProjectConfigurationPlatforms) = postSolution
		{B69E3D3D-52ED-4F6B-BF33-3784714CDC0D}.Debug|Any CPU.ActiveCfg = Debug|Any CPU
		{B69E3D3D-52ED-4F6B-BF33-3784714CDC0D}.Debug|Any CPU.Build.0 = Debug|Any CPU
		{B69E3D3D-52ED-4F6B-BF33-3784714CDC0D}.Release|Any CPU.ActiveCfg = Release|Any CPU
		{B69E3D3D-52ED-4F6B-BF33-3784714CDC0D}.Release|Any CPU.Build.0 = Release|Any CPU
		{2E183A96-BE32-4237-A553-47D57FC18354}.Debug|Any CPU.ActiveCfg = Debug|Any CPU
		{2E183A96-BE32-4237-A553-47D57FC18354}.Debug|Any CPU.Build.0 = Debug|Any CPU
		{2E183A96-BE32-4237-A553-47D57FC18354}.Release|Any CPU.ActiveCfg = Release|Any CPU
		{2E183A96-BE32-4237-A553-47D57FC18354}.Release|Any CPU.Build.0 = Release|Any CPU
	EndGlobalSection
	GlobalSection(SolutionProperties) = preSolution
		HideSolutionNode = FALSE
	EndGlobalSection
EndGlobal
